// !$*UTF8*$!
{
	archiveVersion = 1;
	classes = {
	};
	objectVersion = 46;
	objects = {

/* Begin PBXBuildFile section */
		3FE3D9FD1E7CAA2900D9C341 /* AppDelegate.swift in Sources */ = {isa = PBXBuildFile; fileRef = 3FE3D9FC1E7CAA2900D9C341 /* AppDelegate.swift */; };
		3FE3DA021E7CAA2900D9C341 /* Main.storyboard in Resources */ = {isa = PBXBuildFile; fileRef = 3FE3DA001E7CAA2900D9C341 /* Main.storyboard */; };
		3FE3DA041E7CAA2900D9C341 /* Assets.xcassets in Resources */ = {isa = PBXBuildFile; fileRef = 3FE3DA031E7CAA2900D9C341 /* Assets.xcassets */; };
		3FE3DA071E7CAA2900D9C341 /* LaunchScreen.storyboard in Resources */ = {isa = PBXBuildFile; fileRef = 3FE3DA051E7CAA2900D9C341 /* LaunchScreen.storyboard */; };
		3FE3DA0F1E7CAF1C00D9C341 /* LoginViewController.swift in Sources */ = {isa = PBXBuildFile; fileRef = 3FE3DA0E1E7CAF1C00D9C341 /* LoginViewController.swift */; };
		3FE3DA111E7CB92000D9C341 /* HomeViewController.swift in Sources */ = {isa = PBXBuildFile; fileRef = 3FE3DA101E7CB92000D9C341 /* HomeViewController.swift */; };
		3FE3FE1F1E7CBD0D00DC5CDB /* ProfileViewController.swift in Sources */ = {isa = PBXBuildFile; fileRef = 3FE3FE1E1E7CBD0D00DC5CDB /* ProfileViewController.swift */; };
		3FE3FE211E7CC40600DC5CDB /* postCell.swift in Sources */ = {isa = PBXBuildFile; fileRef = 3FE3FE201E7CC40600DC5CDB /* postCell.swift */; };
		3FE3FE231E7CCB9B00DC5CDB /* Post.swift in Sources */ = {isa = PBXBuildFile; fileRef = 3FE3FE221E7CCB9B00DC5CDB /* Post.swift */; };
		3FE3FE271E7CD53B00DC5CDB /* CaptureViewController.swift in Sources */ = {isa = PBXBuildFile; fileRef = 3FE3FE261E7CD53A00DC5CDB /* CaptureViewController.swift */; };
		56DC446B06E50E62122D0B7C /* Pods_Imst.framework in Frameworks */ = {isa = PBXBuildFile; fileRef = 1327FB045A13879F4220BC57 /* Pods_Imst.framework */; };
/* End PBXBuildFile section */

/* Begin PBXFileReference section */
		1327FB045A13879F4220BC57 /* Pods_Imst.framework */ = {isa = PBXFileReference; explicitFileType = wrapper.framework; includeInIndex = 0; path = Pods_Imst.framework; sourceTree = BUILT_PRODUCTS_DIR; };
		3FE3D9F91E7CAA2800D9C341 /* Imst.app */ = {isa = PBXFileReference; explicitFileType = wrapper.application; includeInIndex = 0; path = Imst.app; sourceTree = BUILT_PRODUCTS_DIR; };
		3FE3D9FC1E7CAA2900D9C341 /* AppDelegate.swift */ = {isa = PBXFileReference; lastKnownFileType = sourcecode.swift; path = AppDelegate.swift; sourceTree = "<group>"; };
		3FE3DA011E7CAA2900D9C341 /* Base */ = {isa = PBXFileReference; lastKnownFileType = file.storyboard; name = Base; path = Base.lproj/Main.storyboard; sourceTree = "<group>"; };
		3FE3DA031E7CAA2900D9C341 /* Assets.xcassets */ = {isa = PBXFileReference; lastKnownFileType = folder.assetcatalog; path = Assets.xcassets; sourceTree = "<group>"; };
		3FE3DA061E7CAA2900D9C341 /* Base */ = {isa = PBXFileReference; lastKnownFileType = file.storyboard; name = Base; path = Base.lproj/LaunchScreen.storyboard; sourceTree = "<group>"; };
		3FE3DA081E7CAA2900D9C341 /* Info.plist */ = {isa = PBXFileReference; lastKnownFileType = text.plist.xml; path = Info.plist; sourceTree = "<group>"; };
		3FE3DA0E1E7CAF1C00D9C341 /* LoginViewController.swift */ = {isa = PBXFileReference; fileEncoding = 4; lastKnownFileType = sourcecode.swift; path = LoginViewController.swift; sourceTree = "<group>"; };
		3FE3DA101E7CB92000D9C341 /* HomeViewController.swift */ = {isa = PBXFileReference; fileEncoding = 4; lastKnownFileType = sourcecode.swift; path = HomeViewController.swift; sourceTree = "<group>"; };
		3FE3FE1E1E7CBD0D00DC5CDB /* ProfileViewController.swift */ = {isa = PBXFileReference; fileEncoding = 4; lastKnownFileType = sourcecode.swift; path = ProfileViewController.swift; sourceTree = "<group>"; };
		3FE3FE201E7CC40600DC5CDB /* postCell.swift */ = {isa = PBXFileReference; fileEncoding = 4; lastKnownFileType = sourcecode.swift; path = postCell.swift; sourceTree = "<group>"; };
		3FE3FE221E7CCB9B00DC5CDB /* Post.swift */ = {isa = PBXFileReference; fileEncoding = 4; lastKnownFileType = sourcecode.swift; path = Post.swift; sourceTree = "<group>"; };
		3FE3FE261E7CD53A00DC5CDB /* CaptureViewController.swift */ = {isa = PBXFileReference; fileEncoding = 4; lastKnownFileType = sourcecode.swift; path = CaptureViewController.swift; sourceTree = "<group>"; };
		76D4930D6B80DCD697DF0A10 /* Pods-Imst.release.xcconfig */ = {isa = PBXFileReference; includeInIndex = 1; lastKnownFileType = text.xcconfig; name = "Pods-Imst.release.xcconfig"; path = "Pods/Target Support Files/Pods-Imst/Pods-Imst.release.xcconfig"; sourceTree = "<group>"; };
		AC5CDFC8EFC9F156CFDC6CF0 /* Pods-Imst.debug.xcconfig */ = {isa = PBXFileReference; includeInIndex = 1; lastKnownFileType = text.xcconfig; name = "Pods-Imst.debug.xcconfig"; path = "Pods/Target Support Files/Pods-Imst/Pods-Imst.debug.xcconfig"; sourceTree = "<group>"; };
/* End PBXFileReference section */

/* Begin PBXFrameworksBuildPhase section */
		3FE3D9F61E7CAA2800D9C341 /* Frameworks */ = {
			isa = PBXFrameworksBuildPhase;
			buildActionMask = 2147483647;
			files = (
				56DC446B06E50E62122D0B7C /* Pods_Imst.framework in Frameworks */,
			);
			runOnlyForDeploymentPostprocessing = 0;
		};
/* End PBXFrameworksBuildPhase section */

/* Begin PBXGroup section */
		3FE3D9F01E7CAA2800D9C341 = {
			isa = PBXGroup;
			children = (
				3FE3D9FB1E7CAA2800D9C341 /* Imst */,
				3FE3D9FA1E7CAA2800D9C341 /* Products */,
				82FB2D39DEFA609CC44F51C4 /* Pods */,
				4C4DDD08BE4DB28901979C7A /* Frameworks */,
			);
			sourceTree = "<group>";
		};
		3FE3D9FA1E7CAA2800D9C341 /* Products */ = {
			isa = PBXGroup;
			children = (
				3FE3D9F91E7CAA2800D9C341 /* Imst.app */,
			);
			name = Products;
			sourceTree = "<group>";
		};
		3FE3D9FB1E7CAA2800D9C341 /* Imst */ = {
			isa = PBXGroup;
			children = (
				3FE3D9FC1E7CAA2900D9C341 /* AppDelegate.swift */,
				3FE3FE1E1E7CBD0D00DC5CDB /* ProfileViewController.swift */,
				3FE3FE261E7CD53A00DC5CDB /* CaptureViewController.swift */,
				3FE3DA101E7CB92000D9C341 /* HomeViewController.swift */,
				3FE3DA0E1E7CAF1C00D9C341 /* LoginViewController.swift */,
				3FE3FE201E7CC40600DC5CDB /* postCell.swift */,
				3FE3FE221E7CCB9B00DC5CDB /* Post.swift */,
				3FE3DA001E7CAA2900D9C341 /* Main.storyboard */,
				3FE3DA031E7CAA2900D9C341 /* Assets.xcassets */,
				3FE3DA051E7CAA2900D9C341 /* LaunchScreen.storyboard */,
				3FE3DA081E7CAA2900D9C341 /* Info.plist */,
			);
			path = Imst;
			sourceTree = "<group>";
		};
		4C4DDD08BE4DB28901979C7A /* Frameworks */ = {
			isa = PBXGroup;
			children = (
				1327FB045A13879F4220BC57 /* Pods_Imst.framework */,
			);
			name = Frameworks;
			sourceTree = "<group>";
		};
		82FB2D39DEFA609CC44F51C4 /* Pods */ = {
			isa = PBXGroup;
			children = (
				AC5CDFC8EFC9F156CFDC6CF0 /* Pods-Imst.debug.xcconfig */,
				76D4930D6B80DCD697DF0A10 /* Pods-Imst.release.xcconfig */,
			);
			name = Pods;
			sourceTree = "<group>";
		};
/* End PBXGroup section */

/* Begin PBXNativeTarget section */
		3FE3D9F81E7CAA2800D9C341 /* Imst */ = {
			isa = PBXNativeTarget;
			buildConfigurationList = 3FE3DA0B1E7CAA2900D9C341 /* Build configuration list for PBXNativeTarget "Imst" */;
			buildPhases = (
				E53AA1C4F3161F62B4BAFF64 /* [CP] Check Pods Manifest.lock */,
				3FE3D9F51E7CAA2800D9C341 /* Sources */,
				3FE3D9F61E7CAA2800D9C341 /* Frameworks */,
				3FE3D9F71E7CAA2800D9C341 /* Resources */,
				5A475E9AB41DDB96380E67D1 /* [CP] Embed Pods Frameworks */,
				09B2243C635176B78296B781 /* [CP] Copy Pods Resources */,
			);
			buildRules = (
			);
			dependencies = (
			);
			name = Imst;
			productName = Imst;
			productReference = 3FE3D9F91E7CAA2800D9C341 /* Imst.app */;
			productType = "com.apple.product-type.application";
		};
/* End PBXNativeTarget section */

/* Begin PBXProject section */
		3FE3D9F11E7CAA2800D9C341 /* Project object */ = {
			isa = PBXProject;
			attributes = {
				LastSwiftUpdateCheck = 0820;
				LastUpgradeCheck = 0820;
				ORGANIZATIONNAME = "Ya-Wen Chu";
				TargetAttributes = {
					3FE3D9F81E7CAA2800D9C341 = {
						CreatedOnToolsVersion = 8.2.1;
						ProvisioningStyle = Automatic;
					};
				};
			};
			buildConfigurationList = 3FE3D9F41E7CAA2800D9C341 /* Build configuration list for PBXProject "Imst" */;
			compatibilityVersion = "Xcode 3.2";
			developmentRegion = English;
			hasScannedForEncodings = 0;
			knownRegions = (
				en,
				Base,
			);
			mainGroup = 3FE3D9F01E7CAA2800D9C341;
			productRefGroup = 3FE3D9FA1E7CAA2800D9C341 /* Products */;
			projectDirPath = "";
			projectRoot = "";
			targets = (
				3FE3D9F81E7CAA2800D9C341 /* Imst */,
			);
		};
/* End PBXProject section */

/* Begin PBXResourcesBuildPhase section */
		3FE3D9F71E7CAA2800D9C341 /* Resources */ = {
			isa = PBXResourcesBuildPhase;
			buildActionMask = 2147483647;
			files = (
				3FE3DA071E7CAA2900D9C341 /* LaunchScreen.storyboard in Resources */,
				3FE3DA041E7CAA2900D9C341 /* Assets.xcassets in Resources */,
				3FE3DA021E7CAA2900D9C341 /* Main.storyboard in Resources */,
			);
			runOnlyForDeploymentPostprocessing = 0;
		};
/* End PBXResourcesBuildPhase section */

/* Begin PBXShellScriptBuildPhase section */
		09B2243C635176B78296B781 /* [CP] Copy Pods Resources */ = {
			isa = PBXShellScriptBuildPhase;
			buildActionMask = 2147483647;
			files = (
			);
			inputPaths = (
			);
			name = "[CP] Copy Pods Resources";
			outputPaths = (
			);
			runOnlyForDeploymentPostprocessing = 0;
			shellPath = /bin/sh;
			shellScript = "\"${SRCROOT}/Pods/Target Support Files/Pods-Imst/Pods-Imst-resources.sh\"\n";
			showEnvVarsInLog = 0;
		};
		5A475E9AB41DDB96380E67D1 /* [CP] Embed Pods Frameworks */ = {
			isa = PBXShellScriptBuildPhase;
			buildActionMask = 2147483647;
			files = (
			);
			inputPaths = (
			);
			name = "[CP] Embed Pods Frameworks";
			outputPaths = (
			);
			runOnlyForDeploymentPostprocessing = 0;
			shellPath = /bin/sh;
			shellScript = "\"${SRCROOT}/Pods/Target Support Files/Pods-Imst/Pods-Imst-frameworks.sh\"\n";
			showEnvVarsInLog = 0;
		};
		E53AA1C4F3161F62B4BAFF64 /* [CP] Check Pods Manifest.lock */ = {
			isa = PBXShellScriptBuildPhase;
			buildActionMask = 2147483647;
			files = (
			);
			inputPaths = (
			);
			name = "[CP] Check Pods Manifest.lock";
			outputPaths = (
			);
			runOnlyForDeploymentPostprocessing = 0;
			shellPath = /bin/sh;
			shellScript = "diff \"${PODS_ROOT}/../Podfile.lock\" \"${PODS_ROOT}/Manifest.lock\" > /dev/null\nif [ $? != 0 ] ; then\n    # print error to STDERR\n    echo \"error: The sandbox is not in sync with the Podfile.lock. Run 'pod install' or update your CocoaPods installation.\" >&2\n    exit 1\nfi\n";
			showEnvVarsInLog = 0;
		};
/* End PBXShellScriptBuildPhase section */

/* Begin PBXSourcesBuildPhase section */
		3FE3D9F51E7CAA2800D9C341 /* Sources */ = {
			isa = PBXSourcesBuildPhase;
			buildActionMask = 2147483647;
			files = (
				3FE3DA0F1E7CAF1C00D9C341 /* LoginViewController.swift in Sources */,
				3FE3D9FD1E7CAA2900D9C341 /* AppDelegate.swift in Sources */,
				3FE3FE271E7CD53B00DC5CDB /* CaptureViewController.swift in Sources */,
				3FE3FE1F1E7CBD0D00DC5CDB /* ProfileViewController.swift in Sources */,
				3FE3FE231E7CCB9B00DC5CDB /* Post.swift in Sources */,
				3FE3DA111E7CB92000D9C341 /* HomeViewController.swift in Sources */,
				3FE3FE211E7CC40600DC5CDB /* postCell.swift in Sources */,
			);
			runOnlyForDeploymentPostprocessing = 0;
		};
/* End PBXSourcesBuildPhase section */

/* Begin PBXVariantGroup section */
		3FE3DA001E7CAA2900D9C341 /* Main.storyboard */ = {
			isa = PBXVariantGroup;
			children = (
				3FE3DA011E7CAA2900D9C341 /* Base */,
			);
			name = Main.storyboard;
			sourceTree = "<group>";
		};
		3FE3DA051E7CAA2900D9C341 /* LaunchScreen.storyboard */ = {
			isa = PBXVariantGroup;
			children = (
				3FE3DA061E7CAA2900D9C341 /* Base */,
			);
			name = LaunchScreen.storyboard;
			sourceTree = "<group>";
		};
/* End PBXVariantGroup section */

/* Begin XCBuildConfiguration section */
		3FE3DA091E7CAA2900D9C341 /* Debug */ = {
			isa = XCBuildConfiguration;
			buildSettings = {
				ALWAYS_SEARCH_USER_PATHS = NO;
				CLANG_ANALYZER_NONNULL = YES;
				CLANG_CXX_LANGUAGE_STANDARD = "gnu++0x";
				CLANG_CXX_LIBRARY = "libc++";
				CLANG_ENABLE_MODULES = YES;
				CLANG_ENABLE_OBJC_ARC = YES;
				CLANG_WARN_BOOL_CONVERSION = YES;
				CLANG_WARN_CONSTANT_CONVERSION = YES;
				CLANG_WARN_DIRECT_OBJC_ISA_USAGE = YES_ERROR;
				CLANG_WARN_DOCUMENTATION_COMMENTS = YES;
				CLANG_WARN_EMPTY_BODY = YES;
				CLANG_WARN_ENUM_CONVERSION = YES;
				CLANG_WARN_INFINITE_RECURSION = YES;
				CLANG_WARN_INT_CONVERSION = YES;
				CLANG_WARN_OBJC_ROOT_CLASS = YES_ERROR;
				CLANG_WARN_SUSPICIOUS_MOVE = YES;
				CLANG_WARN_UNREACHABLE_CODE = YES;
				CLANG_WARN__DUPLICATE_METHOD_MATCH = YES;
				"CODE_SIGN_IDENTITY[sdk=iphoneos*]" = "iPhone Developer";
				COPY_PHASE_STRIP = NO;
				DEBUG_INFORMATION_FORMAT = dwarf;
				ENABLE_STRICT_OBJC_MSGSEND = YES;
				ENABLE_TESTABILITY = YES;
				GCC_C_LANGUAGE_STANDARD = gnu99;
				GCC_DYNAMIC_NO_PIC = NO;
				GCC_NO_COMMON_BLOCKS = YES;
				GCC_OPTIMIZATION_LEVEL = 0;
				GCC_PREPROCESSOR_DEFINITIONS = (
					"DEBUG=1",
					"$(inherited)",
				);
				GCC_WARN_64_TO_32_BIT_CONVERSION = YES;
				GCC_WARN_ABOUT_RETURN_TYPE = YES_ERROR;
				GCC_WARN_UNDECLARED_SELECTOR = YES;
				GCC_WARN_UNINITIALIZED_AUTOS = YES_AGGRESSIVE;
				GCC_WARN_UNUSED_FUNCTION = YES;
				GCC_WARN_UNUSED_VARIABLE = YES;
				IPHONEOS_DEPLOYMENT_TARGET = 10.2;
				MTL_ENABLE_DEBUG_INFO = YES;
				ONLY_ACTIVE_ARCH = YES;
				SDKROOT = iphoneos;
				SWIFT_ACTIVE_COMPILATION_CONDITIONS = DEBUG;
				SWIFT_OPTIMIZATION_LEVEL = "-Onone";
			};
			name = Debug;
		};
		3FE3DA0A1E7CAA2900D9C341 /* Release */ = {
			isa = XCBuildConfiguration;
			buildSettings = {
				ALWAYS_SEARCH_USER_PATHS = NO;
				CLANG_ANALYZER_NONNULL = YES;
				CLANG_CXX_LANGUAGE_STANDARD = "gnu++0x";
				CLANG_CXX_LIBRARY = "libc++";
				CLANG_ENABLE_MODULES = YES;
				CLANG_ENABLE_OBJC_ARC = YES;
				CLANG_WARN_BOOL_CONVERSION = YES;
				CLANG_WARN_CONSTANT_CONVERSION = YES;
				CLANG_WARN_DIRECT_OBJC_ISA_USAGE = YES_ERROR;
				CLANG_WARN_DOCUMENTATION_COMMENTS = YES;
				CLANG_WARN_EMPTY_BODY = YES;
				CLANG_WARN_ENUM_CONVERSION = YES;
				CLANG_WARN_INFINITE_RECURSION = YES;
				CLANG_WARN_INT_CONVERSION = YES;
				CLANG_WARN_OBJC_ROOT_CLASS = YES_ERROR;
				CLANG_WARN_SUSPICIOUS_MOVE = YES;
				CLANG_WARN_UNREACHABLE_CODE = YES;
				CLANG_WARN__DUPLICATE_METHOD_MATCH = YES;
				"CODE_SIGN_IDENTITY[sdk=iphoneos*]" = "iPhone Developer";
				COPY_PHASE_STRIP = NO;
				DEBUG_INFORMATION_FORMAT = "dwarf-with-dsym";
				ENABLE_NS_ASSERTIONS = NO;
				ENABLE_STRICT_OBJC_MSGSEND = YES;
				GCC_C_LANGUAGE_STANDARD = gnu99;
				GCC_NO_COMMON_BLOCKS = YES;
				GCC_WARN_64_TO_32_BIT_CONVERSION = YES;
				GCC_WARN_ABOUT_RETURN_TYPE = YES_ERROR;
				GCC_WARN_UNDECLARED_SELECTOR = YES;
				GCC_WARN_UNINITIALIZED_AUTOS = YES_AGGRESSIVE;
				GCC_WARN_UNUSED_FUNCTION = YES;
				GCC_WARN_UNUSED_VARIABLE = YES;
				IPHONEOS_DEPLOYMENT_TARGET = 10.2;
				MTL_ENABLE_DEBUG_INFO = NO;
				SDKROOT = iphoneos;
				SWIFT_OPTIMIZATION_LEVEL = "-Owholemodule";
				VALIDATE_PRODUCT = YES;
			};
			name = Release;
		};
		3FE3DA0C1E7CAA2900D9C341 /* Debug */ = {
			isa = XCBuildConfiguration;
			baseConfigurationReference = AC5CDFC8EFC9F156CFDC6CF0 /* Pods-Imst.debug.xcconfig */;
			buildSettings = {
				ASSETCATALOG_COMPILER_APPICON_NAME = AppIcon;
				INFOPLIST_FILE = Imst/Info.plist;
				LD_RUNPATH_SEARCH_PATHS = "$(inherited) @executable_path/Frameworks";
				PRODUCT_BUNDLE_IDENTIFIER = cim.codepath.Imst;
				PRODUCT_NAME = "$(TARGET_NAME)";
				SWIFT_VERSION = 3.0;
			};
			name = Debug;
		};
		3FE3DA0D1E7CAA2900D9C341 /* Release */ = {
			isa = XCBuildConfiguration;
			baseConfigurationReference = 76D4930D6B80DCD697DF0A10 /* Pods-Imst.release.xcconfig */;
			buildSettings = {
				ASSETCATALOG_COMPILER_APPICON_NAME = AppIcon;
				INFOPLIST_FILE = Imst/Info.plist;
				LD_RUNPATH_SEARCH_PATHS = "$(inherited) @executable_path/Frameworks";
				PRODUCT_BUNDLE_IDENTIFIER = cim.codepath.Imst;
				PRODUCT_NAME = "$(TARGET_NAME)";
				SWIFT_VERSION = 3.0;
			};
			name = Release;
		};
/* End XCBuildConfiguration section */

/* Begin XCConfigurationList section */
		3FE3D9F41E7CAA2800D9C341 /* Build configuration list for PBXProject "Imst" */ = {
			isa = XCConfigurationList;
			buildConfigurations = (
				3FE3DA091E7CAA2900D9C341 /* Debug */,
				3FE3DA0A1E7CAA2900D9C341 /* Release */,
			);
			defaultConfigurationIsVisible = 0;
			defaultConfigurationName = Release;
		};
		3FE3DA0B1E7CAA2900D9C341 /* Build configuration list for PBXNativeTarget "Imst" */ = {
			isa = XCConfigurationList;
			buildConfigurations = (
				3FE3DA0C1E7CAA2900D9C341 /* Debug */,
				3FE3DA0D1E7CAA2900D9C341 /* Release */,
			);
			defaultConfigurationIsVisible = 0;
			defaultConfigurationName = Release;
		};
/* End XCConfigurationList section */
	};
	rootObject = 3FE3D9F11E7CAA2800D9C341 /* Project object */;
}
